// !$*UTF8*$!
{
	archiveVersion = 1;
	classes = {
	};
	objectVersion = 56;
	objects = {

/* Begin PBXBuildFile section */
		C93EED702A7EF52E00128F55 /* Location.swift in Sources */ = {isa = PBXBuildFile; fileRef = C93EED6F2A7EF52E00128F55 /* Location.swift */; };
		C9515CA82A7C92860086B89E /* MultiMapApp.swift in Sources */ = {isa = PBXBuildFile; fileRef = C9515CA72A7C92860086B89E /* MultiMapApp.swift */; };
		C9515CAA2A7C92860086B89E /* ContentView.swift in Sources */ = {isa = PBXBuildFile; fileRef = C9515CA92A7C92860086B89E /* ContentView.swift */; };
		C9515CAC2A7C92870086B89E /* Assets.xcassets in Resources */ = {isa = PBXBuildFile; fileRef = C9515CAB2A7C92870086B89E /* Assets.xcassets */; };
		C9515CAF2A7C92870086B89E /* Preview Assets.xcassets in Resources */ = {isa = PBXBuildFile; fileRef = C9515CAE2A7C92870086B89E /* Preview Assets.xcassets */; };
		C9515CBA2A7C92870086B89E /* MultiMapTests.swift in Sources */ = {isa = PBXBuildFile; fileRef = C9515CB92A7C92870086B89E /* MultiMapTests.swift */; };
		C9515CC42A7C92870086B89E /* MultiMapUITests.swift in Sources */ = {isa = PBXBuildFile; fileRef = C9515CC32A7C92870086B89E /* MultiMapUITests.swift */; };
		C9515CC62A7C92870086B89E /* MultiMapUITestsLaunchTests.swift in Sources */ = {isa = PBXBuildFile; fileRef = C9515CC52A7C92870086B89E /* MultiMapUITestsLaunchTests.swift */; };
		C9515CD52A7C92D70086B89E /* MapView.swift in Sources */ = {isa = PBXBuildFile; fileRef = C9515CD42A7C92D70086B89E /* MapView.swift */; };
/* End PBXBuildFile section */

/* Begin PBXContainerItemProxy section */
		C9515CB62A7C92870086B89E /* PBXContainerItemProxy */ = {
			isa = PBXContainerItemProxy;
			containerPortal = C9515C9C2A7C92860086B89E /* Project object */;
			proxyType = 1;
			remoteGlobalIDString = C9515CA32A7C92860086B89E;
			remoteInfo = MultiMap;
		};
		C9515CC02A7C92870086B89E /* PBXContainerItemProxy */ = {
			isa = PBXContainerItemProxy;
			containerPortal = C9515C9C2A7C92860086B89E /* Project object */;
			proxyType = 1;
			remoteGlobalIDString = C9515CA32A7C92860086B89E;
			remoteInfo = MultiMap;
		};
/* End PBXContainerItemProxy section */

/* Begin PBXFileReference section */
		C93EED6F2A7EF52E00128F55 /* Location.swift */ = {isa = PBXFileReference; lastKnownFileType = sourcecode.swift; path = Location.swift; sourceTree = "<group>"; };
		C9515CA42A7C92860086B89E /* MultiMap.app */ = {isa = PBXFileReference; explicitFileType = wrapper.application; includeInIndex = 0; path = MultiMap.app; sourceTree = BUILT_PRODUCTS_DIR; };
		C9515CA72A7C92860086B89E /* MultiMapApp.swift */ = {isa = PBXFileReference; lastKnownFileType = sourcecode.swift; path = MultiMapApp.swift; sourceTree = "<group>"; };
		C9515CA92A7C92860086B89E /* ContentView.swift */ = {isa = PBXFileReference; lastKnownFileType = sourcecode.swift; path = ContentView.swift; sourceTree = "<group>"; };
		C9515CAB2A7C92870086B89E /* Assets.xcassets */ = {isa = PBXFileReference; lastKnownFileType = folder.assetcatalog; path = Assets.xcassets; sourceTree = "<group>"; };
		C9515CAE2A7C92870086B89E /* Preview Assets.xcassets */ = {isa = PBXFileReference; lastKnownFileType = folder.assetcatalog; path = "Preview Assets.xcassets"; sourceTree = "<group>"; };
		C9515CB02A7C92870086B89E /* MultiMap.entitlements */ = {isa = PBXFileReference; lastKnownFileType = text.plist.entitlements; path = MultiMap.entitlements; sourceTree = "<group>"; };
		C9515CB52A7C92870086B89E /* MultiMapTests.xctest */ = {isa = PBXFileReference; explicitFileType = wrapper.cfbundle; includeInIndex = 0; path = MultiMapTests.xctest; sourceTree = BUILT_PRODUCTS_DIR; };
		C9515CB92A7C92870086B89E /* MultiMapTests.swift */ = {isa = PBXFileReference; lastKnownFileType = sourcecode.swift; path = MultiMapTests.swift; sourceTree = "<group>"; };
		C9515CBF2A7C92870086B89E /* MultiMapUITests.xctest */ = {isa = PBXFileReference; explicitFileType = wrapper.cfbundle; includeInIndex = 0; path = MultiMapUITests.xctest; sourceTree = BUILT_PRODUCTS_DIR; };
		C9515CC32A7C92870086B89E /* MultiMapUITests.swift */ = {isa = PBXFileReference; lastKnownFileType = sourcecode.swift; path = MultiMapUITests.swift; sourceTree = "<group>"; };
		C9515CC52A7C92870086B89E /* MultiMapUITestsLaunchTests.swift */ = {isa = PBXFileReference; lastKnownFileType = sourcecode.swift; path = MultiMapUITestsLaunchTests.swift; sourceTree = "<group>"; };
		C9515CD42A7C92D70086B89E /* MapView.swift */ = {isa = PBXFileReference; lastKnownFileType = sourcecode.swift; path = MapView.swift; sourceTree = "<group>"; };
/* End PBXFileReference section */

/* Begin PBXFrameworksBuildPhase section */
		C9515CA12A7C92860086B89E /* Frameworks */ = {
			isa = PBXFrameworksBuildPhase;
			buildActionMask = 2147483647;
			files = (
			);
			runOnlyForDeploymentPostprocessing = 0;
		};
		C9515CB22A7C92870086B89E /* Frameworks */ = {
			isa = PBXFrameworksBuildPhase;
			buildActionMask = 2147483647;
			files = (
			);
			runOnlyForDeploymentPostprocessing = 0;
		};
		C9515CBC2A7C92870086B89E /* Frameworks */ = {
			isa = PBXFrameworksBuildPhase;
			buildActionMask = 2147483647;
			files = (
			);
			runOnlyForDeploymentPostprocessing = 0;
		};
/* End PBXFrameworksBuildPhase section */

/* Begin PBXGroup section */
		C9515C9B2A7C92860086B89E = {
			isa = PBXGroup;
			children = (
				C9515CA62A7C92860086B89E /* MultiMap */,
				C9515CB82A7C92870086B89E /* MultiMapTests */,
				C9515CC22A7C92870086B89E /* MultiMapUITests */,
				C9515CA52A7C92860086B89E /* Products */,
			);
			sourceTree = "<group>";
		};
		C9515CA52A7C92860086B89E /* Products */ = {
			isa = PBXGroup;
			children = (
				C9515CA42A7C92860086B89E /* MultiMap.app */,
				C9515CB52A7C92870086B89E /* MultiMapTests.xctest */,
				C9515CBF2A7C92870086B89E /* MultiMapUITests.xctest */,
			);
			name = Products;
			sourceTree = "<group>";
		};
		C9515CA62A7C92860086B89E /* MultiMap */ = {
			isa = PBXGroup;
			children = (
				C9515CA72A7C92860086B89E /* MultiMapApp.swift */,
				C9515CA92A7C92860086B89E /* ContentView.swift */,
				C9515CD42A7C92D70086B89E /* MapView.swift */,
				C93EED6F2A7EF52E00128F55 /* Location.swift */,
				C9515CAB2A7C92870086B89E /* Assets.xcassets */,
				C9515CB02A7C92870086B89E /* MultiMap.entitlements */,
				C9515CAD2A7C92870086B89E /* Preview Content */,
			);
			path = MultiMap;
			sourceTree = "<group>";
		};
		C9515CAD2A7C92870086B89E /* Preview Content */ = {
			isa = PBXGroup;
			children = (
				C9515CAE2A7C92870086B89E /* Preview Assets.xcassets */,
			);
			path = "Preview Content";
			sourceTree = "<group>";
		};
		C9515CB82A7C92870086B89E /* MultiMapTests */ = {
			isa = PBXGroup;
			children = (
				C9515CB92A7C92870086B89E /* MultiMapTests.swift */,
			);
			path = MultiMapTests;
			sourceTree = "<group>";
		};
		C9515CC22A7C92870086B89E /* MultiMapUITests */ = {
			isa = PBXGroup;
			children = (
				C9515CC32A7C92870086B89E /* MultiMapUITests.swift */,
				C9515CC52A7C92870086B89E /* MultiMapUITestsLaunchTests.swift */,
			);
			path = MultiMapUITests;
			sourceTree = "<group>";
		};
/* End PBXGroup section */

/* Begin PBXNativeTarget section */
		C9515CA32A7C92860086B89E /* MultiMap */ = {
			isa = PBXNativeTarget;
			buildConfigurationList = C9515CC92A7C92870086B89E /* Build configuration list for PBXNativeTarget "MultiMap" */;
			buildPhases = (
				C9515CA02A7C92860086B89E /* Sources */,
				C9515CA12A7C92860086B89E /* Frameworks */,
				C9515CA22A7C92860086B89E /* Resources */,
			);
			buildRules = (
			);
			dependencies = (
			);
			name = MultiMap;
			productName = MultiMap;
			productReference = C9515CA42A7C92860086B89E /* MultiMap.app */;
			productType = "com.apple.product-type.application";
		};
		C9515CB42A7C92870086B89E /* MultiMapTests */ = {
			isa = PBXNativeTarget;
			buildConfigurationList = C9515CCC2A7C92870086B89E /* Build configuration list for PBXNativeTarget "MultiMapTests" */;
			buildPhases = (
				C9515CB12A7C92870086B89E /* Sources */,
				C9515CB22A7C92870086B89E /* Frameworks */,
				C9515CB32A7C92870086B89E /* Resources */,
			);
			buildRules = (
			);
			dependencies = (
				C9515CB72A7C92870086B89E /* PBXTargetDependency */,
			);
			name = MultiMapTests;
			productName = MultiMapTests;
			productReference = C9515CB52A7C92870086B89E /* MultiMapTests.xctest */;
			productType = "com.apple.product-type.bundle.unit-test";
		};
		C9515CBE2A7C92870086B89E /* MultiMapUITests */ = {
			isa = PBXNativeTarget;
			buildConfigurationList = C9515CCF2A7C92870086B89E /* Build configuration list for PBXNativeTarget "MultiMapUITests" */;
			buildPhases = (
				C9515CBB2A7C92870086B89E /* Sources */,
				C9515CBC2A7C92870086B89E /* Frameworks */,
				C9515CBD2A7C92870086B89E /* Resources */,
			);
			buildRules = (
			);
			dependencies = (
				C9515CC12A7C92870086B89E /* PBXTargetDependency */,
			);
			name = MultiMapUITests;
			productName = MultiMapUITests;
			productReference = C9515CBF2A7C92870086B89E /* MultiMapUITests.xctest */;
			productType = "com.apple.product-type.bundle.ui-testing";
		};
/* End PBXNativeTarget section */

/* Begin PBXProject section */
		C9515C9C2A7C92860086B89E /* Project object */ = {
			isa = PBXProject;
			attributes = {
				BuildIndependentTargetsInParallel = 1;
				LastSwiftUpdateCheck = 1430;
				LastUpgradeCheck = 1430;
				TargetAttributes = {
					C9515CA32A7C92860086B89E = {
						CreatedOnToolsVersion = 14.3.1;
					};
					C9515CB42A7C92870086B89E = {
						CreatedOnToolsVersion = 14.3.1;
						TestTargetID = C9515CA32A7C92860086B89E;
					};
					C9515CBE2A7C92870086B89E = {
						CreatedOnToolsVersion = 14.3.1;
						TestTargetID = C9515CA32A7C92860086B89E;
					};
				};
			};
			buildConfigurationList = C9515C9F2A7C92860086B89E /* Build configuration list for PBXProject "MultiMap" */;
			compatibilityVersion = "Xcode 14.0";
			developmentRegion = en;
			hasScannedForEncodings = 0;
			knownRegions = (
				en,
				Base,
			);
			mainGroup = C9515C9B2A7C92860086B89E;
			productRefGroup = C9515CA52A7C92860086B89E /* Products */;
			projectDirPath = "";
			projectRoot = "";
			targets = (
				C9515CA32A7C92860086B89E /* MultiMap */,
				C9515CB42A7C92870086B89E /* MultiMapTests */,
				C9515CBE2A7C92870086B89E /* MultiMapUITests */,
			);
		};
/* End PBXProject section */

/* Begin PBXResourcesBuildPhase section */
		C9515CA22A7C92860086B89E /* Resources */ = {
			isa = PBXResourcesBuildPhase;
			buildActionMask = 2147483647;
			files = (
				C9515CAF2A7C92870086B89E /* Preview Assets.xcassets in Resources */,
				C9515CAC2A7C92870086B89E /* Assets.xcassets in Resources */,
			);
			runOnlyForDeploymentPostprocessing = 0;
		};
		C9515CB32A7C92870086B89E /* Resources */ = {
			isa = PBXResourcesBuildPhase;
			buildActionMask = 2147483647;
			files = (
			);
			runOnlyForDeploymentPostprocessing = 0;
		};
		C9515CBD2A7C92870086B89E /* Resources */ = {
			isa = PBXResourcesBuildPhase;
			buildActionMask = 2147483647;
			files = (
			);
			runOnlyForDeploymentPostprocessing = 0;
		};
/* End PBXResourcesBuildPhase section */

/* Begin PBXSourcesBuildPhase section */
		C9515CA02A7C92860086B89E /* Sources */ = {
			isa = PBXSourcesBuildPhase;
			buildActionMask = 2147483647;
			files = (
				C9515CAA2A7C92860086B89E /* ContentView.swift in Sources */,
				C9515CD52A7C92D70086B89E /* MapView.swift in Sources */,
				C93EED702A7EF52E00128F55 /* Location.swift in Sources */,
				C9515CA82A7C92860086B89E /* MultiMapApp.swift in Sources */,
			);
			runOnlyForDeploymentPostprocessing = 0;
		};
		C9515CB12A7C92870086B89E /* Sources */ = {
			isa = PBXSourcesBuildPhase;
			buildActionMask = 2147483647;
			files = (
				C9515CBA2A7C92870086B89E /* MultiMapTests.swift in Sources */,
			);
			runOnlyForDeploymentPostprocessing = 0;
		};
		C9515CBB2A7C92870086B89E /* Sources */ = {
			isa = PBXSourcesBuildPhase;
			buildActionMask = 2147483647;
			files = (
				C9515CC62A7C92870086B89E /* MultiMapUITestsLaunchTests.swift in Sources */,
				C9515CC42A7C92870086B89E /* MultiMapUITests.swift in Sources */,
			);
			runOnlyForDeploymentPostprocessing = 0;
		};
/* End PBXSourcesBuildPhase section */

/* Begin PBXTargetDependency section */
		C9515CB72A7C92870086B89E /* PBXTargetDependency */ = {
			isa = PBXTargetDependency;
			target = C9515CA32A7C92860086B89E /* MultiMap */;
			targetProxy = C9515CB62A7C92870086B89E /* PBXContainerItemProxy */;
		};
		C9515CC12A7C92870086B89E /* PBXTargetDependency */ = {
			isa = PBXTargetDependency;
			target = C9515CA32A7C92860086B89E /* MultiMap */;
			targetProxy = C9515CC02A7C92870086B89E /* PBXContainerItemProxy */;
		};
/* End PBXTargetDependency section */

/* Begin XCBuildConfiguration section */
		C9515CC72A7C92870086B89E /* Debug */ = {
			isa = XCBuildConfiguration;
			buildSettings = {
				ALWAYS_SEARCH_USER_PATHS = NO;
				CLANG_ANALYZER_NONNULL = YES;
				CLANG_ANALYZER_NUMBER_OBJECT_CONVERSION = YES_AGGRESSIVE;
				CLANG_CXX_LANGUAGE_STANDARD = "gnu++20";
				CLANG_ENABLE_MODULES = YES;
				CLANG_ENABLE_OBJC_ARC = YES;
				CLANG_ENABLE_OBJC_WEAK = YES;
				CLANG_WARN_BLOCK_CAPTURE_AUTORELEASING = YES;
				CLANG_WARN_BOOL_CONVERSION = YES;
				CLANG_WARN_COMMA = YES;
				CLANG_WARN_CONSTANT_CONVERSION = YES;
				CLANG_WARN_DEPRECATED_OBJC_IMPLEMENTATIONS = YES;
				CLANG_WARN_DIRECT_OBJC_ISA_USAGE = YES_ERROR;
				CLANG_WARN_DOCUMENTATION_COMMENTS = YES;
				CLANG_WARN_EMPTY_BODY = YES;
				CLANG_WARN_ENUM_CONVERSION = YES;
				CLANG_WARN_INFINITE_RECURSION = YES;
				CLANG_WARN_INT_CONVERSION = YES;
				CLANG_WARN_NON_LITERAL_NULL_CONVERSION = YES;
				CLANG_WARN_OBJC_IMPLICIT_RETAIN_SELF = YES;
				CLANG_WARN_OBJC_LITERAL_CONVERSION = YES;
				CLANG_WARN_OBJC_ROOT_CLASS = YES_ERROR;
				CLANG_WARN_QUOTED_INCLUDE_IN_FRAMEWORK_HEADER = YES;
				CLANG_WARN_RANGE_LOOP_ANALYSIS = YES;
				CLANG_WARN_STRICT_PROTOTYPES = YES;
				CLANG_WARN_SUSPICIOUS_MOVE = YES;
				CLANG_WARN_UNGUARDED_AVAILABILITY = YES_AGGRESSIVE;
				CLANG_WARN_UNREACHABLE_CODE = YES;
				CLANG_WARN__DUPLICATE_METHOD_MATCH = YES;
				COPY_PHASE_STRIP = NO;
				DEBUG_INFORMATION_FORMAT = dwarf;
				ENABLE_STRICT_OBJC_MSGSEND = YES;
				ENABLE_TESTABILITY = YES;
				GCC_C_LANGUAGE_STANDARD = gnu11;
				GCC_DYNAMIC_NO_PIC = NO;
				GCC_NO_COMMON_BLOCKS = YES;
				GCC_OPTIMIZATION_LEVEL = 0;
				GCC_PREPROCESSOR_DEFINITIONS = (
					"DEBUG=1",
					"$(inherited)",
				);
				GCC_WARN_64_TO_32_BIT_CONVERSION = YES;
				GCC_WARN_ABOUT_RETURN_TYPE = YES_ERROR;
				GCC_WARN_UNDECLARED_SELECTOR = YES;
				GCC_WARN_UNINITIALIZED_AUTOS = YES_AGGRESSIVE;
				GCC_WARN_UNUSED_FUNCTION = YES;
				GCC_WARN_UNUSED_VARIABLE = YES;
				MACOSX_DEPLOYMENT_TARGET = 13.3;
				MTL_ENABLE_DEBUG_INFO = INCLUDE_SOURCE;
				MTL_FAST_MATH = YES;
				ONLY_ACTIVE_ARCH = YES;
				SDKROOT = macosx;
				SWIFT_ACTIVE_COMPILATION_CONDITIONS = DEBUG;
				SWIFT_OPTIMIZATION_LEVEL = "-Onone";
			};
			name = Debug;
		};
		C9515CC82A7C92870086B89E /* Release */ = {
			isa = XCBuildConfiguration;
			buildSettings = {
				ALWAYS_SEARCH_USER_PATHS = NO;
				CLANG_ANALYZER_NONNULL = YES;
				CLANG_ANALYZER_NUMBER_OBJECT_CONVERSION = YES_AGGRESSIVE;
				CLANG_CXX_LANGUAGE_STANDARD = "gnu++20";
				CLANG_ENABLE_MODULES = YES;
				CLANG_ENABLE_OBJC_ARC = YES;
				CLANG_ENABLE_OBJC_WEAK = YES;
				CLANG_WARN_BLOCK_CAPTURE_AUTORELEASING = YES;
				CLANG_WARN_BOOL_CONVERSION = YES;
				CLANG_WARN_COMMA = YES;
				CLANG_WARN_CONSTANT_CONVERSION = YES;
				CLANG_WARN_DEPRECATED_OBJC_IMPLEMENTATIONS = YES;
				CLANG_WARN_DIRECT_OBJC_ISA_USAGE = YES_ERROR;
				CLANG_WARN_DOCUMENTATION_COMMENTS = YES;
				CLANG_WARN_EMPTY_BODY = YES;
				CLANG_WARN_ENUM_CONVERSION = YES;
				CLANG_WARN_INFINITE_RECURSION = YES;
				CLANG_WARN_INT_CONVERSION = YES;
				CLANG_WARN_NON_LITERAL_NULL_CONVERSION = YES;
				CLANG_WARN_OBJC_IMPLICIT_RETAIN_SELF = YES;
				CLANG_WARN_OBJC_LITERAL_CONVERSION = YES;
				CLANG_WARN_OBJC_ROOT_CLASS = YES_ERROR;
				CLANG_WARN_QUOTED_INCLUDE_IN_FRAMEWORK_HEADER = YES;
				CLANG_WARN_RANGE_LOOP_ANALYSIS = YES;
				CLANG_WARN_STRICT_PROTOTYPES = YES;
				CLANG_WARN_SUSPICIOUS_MOVE = YES;
				CLANG_WARN_UNGUARDED_AVAILABILITY = YES_AGGRESSIVE;
				CLANG_WARN_UNREACHABLE_CODE = YES;
				CLANG_WARN__DUPLICATE_METHOD_MATCH = YES;
				COPY_PHASE_STRIP = NO;
				DEBUG_INFORMATION_FORMAT = "dwarf-with-dsym";
				ENABLE_NS_ASSERTIONS = NO;
				ENABLE_STRICT_OBJC_MSGSEND = YES;
				GCC_C_LANGUAGE_STANDARD = gnu11;
				GCC_NO_COMMON_BLOCKS = YES;
				GCC_WARN_64_TO_32_BIT_CONVERSION = YES;
				GCC_WARN_ABOUT_RETURN_TYPE = YES_ERROR;
				GCC_WARN_UNDECLARED_SELECTOR = YES;
				GCC_WARN_UNINITIALIZED_AUTOS = YES_AGGRESSIVE;
				GCC_WARN_UNUSED_FUNCTION = YES;
				GCC_WARN_UNUSED_VARIABLE = YES;
				MACOSX_DEPLOYMENT_TARGET = 13.3;
				MTL_ENABLE_DEBUG_INFO = NO;
				MTL_FAST_MATH = YES;
				SDKROOT = macosx;
				SWIFT_COMPILATION_MODE = wholemodule;
				SWIFT_OPTIMIZATION_LEVEL = "-O";
			};
			name = Release;
		};
		C9515CCA2A7C92870086B89E /* Debug */ = {
			isa = XCBuildConfiguration;
			buildSettings = {
				ASSETCATALOG_COMPILER_APPICON_NAME = AppIcon;
				ASSETCATALOG_COMPILER_GLOBAL_ACCENT_COLOR_NAME = AccentColor;
				CODE_SIGN_ENTITLEMENTS = MultiMap/MultiMap.entitlements;
				CODE_SIGN_STYLE = Automatic;
				COMBINE_HIDPI_IMAGES = YES;
				CURRENT_PROJECT_VERSION = 1;
				DEVELOPMENT_ASSET_PATHS = "\"MultiMap/Preview Content\"";
				ENABLE_PREVIEWS = YES;
				GENERATE_INFOPLIST_FILE = YES;
				INFOPLIST_KEY_NSHumanReadableCopyright = "";
				LD_RUNPATH_SEARCH_PATHS = (
					"$(inherited)",
					"@executable_path/../Frameworks",
				);
				MARKETING_VERSION = 1.0;
				PRODUCT_BUNDLE_IDENTIFIER = jg.MultiMap;
				PRODUCT_NAME = "$(TARGET_NAME)";
				SWIFT_EMIT_LOC_STRINGS = YES;
				SWIFT_VERSION = 5.0;
			};
			name = Debug;
		};
		C9515CCB2A7C92870086B89E /* Release */ = {
			isa = XCBuildConfiguration;
			buildSettings = {
				ASSETCATALOG_COMPILER_APPICON_NAME = AppIcon;
				ASSETCATALOG_COMPILER_GLOBAL_ACCENT_COLOR_NAME = AccentColor;
				CODE_SIGN_ENTITLEMENTS = MultiMap/MultiMap.entitlements;
				CODE_SIGN_STYLE = Automatic;
				COMBINE_HIDPI_IMAGES = YES;
				CURRENT_PROJECT_VERSION = 1;
				DEVELOPMENT_ASSET_PATHS = "\"MultiMap/Preview Content\"";
				ENABLE_PREVIEWS = YES;
				GENERATE_INFOPLIST_FILE = YES;
				INFOPLIST_KEY_NSHumanReadableCopyright = "";
				LD_RUNPATH_SEARCH_PATHS = (
					"$(inherited)",
					"@executable_path/../Frameworks",
				);
				MARKETING_VERSION = 1.0;
				PRODUCT_BUNDLE_IDENTIFIER = jg.MultiMap;
				PRODUCT_NAME = "$(TARGET_NAME)";
				SWIFT_EMIT_LOC_STRINGS = YES;
				SWIFT_VERSION = 5.0;
			};
			name = Release;
		};
		C9515CCD2A7C92870086B89E /* Debug */ = {
			isa = XCBuildConfiguration;
			buildSettings = {
				ALWAYS_EMBED_SWIFT_STANDARD_LIBRARIES = YES;
				BUNDLE_LOADER = "$(TEST_HOST)";
				CODE_SIGN_STYLE = Automatic;
				CURRENT_PROJECT_VERSION = 1;
				GENERATE_INFOPLIST_FILE = YES;
				MACOSX_DEPLOYMENT_TARGET = 13.3;
				MARKETING_VERSION = 1.0;
				PRODUCT_BUNDLE_IDENTIFIER = jg.MultiMapTests;
				PRODUCT_NAME = "$(TARGET_NAME)";
				SWIFT_EMIT_LOC_STRINGS = NO;
				SWIFT_VERSION = 5.0;
				TEST_HOST = "$(BUILT_PRODUCTS_DIR)/MultiMap.app/$(BUNDLE_EXECUTABLE_FOLDER_PATH)/MultiMap";
			};
			name = Debug;
		};
		C9515CCE2A7C92870086B89E /* Release */ = {
			isa = XCBuildConfiguration;
			buildSettings = {
				ALWAYS_EMBED_SWIFT_STANDARD_LIBRARIES = YES;
				BUNDLE_LOADER = "$(TEST_HOST)";
				CODE_SIGN_STYLE = Automatic;
				CURRENT_PROJECT_VERSION = 1;
				GENERATE_INFOPLIST_FILE = YES;
				MACOSX_DEPLOYMENT_TARGET = 13.3;
				MARKETING_VERSION = 1.0;
				PRODUCT_BUNDLE_IDENTIFIER = jg.MultiMapTests;
				PRODUCT_NAME = "$(TARGET_NAME)";
				SWIFT_EMIT_LOC_STRINGS = NO;
				SWIFT_VERSION = 5.0;
				TEST_HOST = "$(BUILT_PRODUCTS_DIR)/MultiMap.app/$(BUNDLE_EXECUTABLE_FOLDER_PATH)/MultiMap";
			};
			name = Release;
		};
		C9515CD02A7C92870086B89E /* Debug */ = {
			isa = XCBuildConfiguration;
			buildSettings = {
				ALWAYS_EMBED_SWIFT_STANDARD_LIBRARIES = YES;
				CODE_SIGN_STYLE = Automatic;
				CURRENT_PROJECT_VERSION = 1;
				GENERATE_INFOPLIST_FILE = YES;
				MARKETING_VERSION = 1.0;
				PRODUCT_BUNDLE_IDENTIFIER = jg.MultiMapUITests;
				PRODUCT_NAME = "$(TARGET_NAME)";
				SWIFT_EMIT_LOC_STRINGS = NO;
				SWIFT_VERSION = 5.0;
				TEST_TARGET_NAME = MultiMap;
			};
			name = Debug;
		};
		C9515CD12A7C92870086B89E /* Release */ = {
			isa = XCBuildConfiguration;
			buildSettings = {
				ALWAYS_EMBED_SWIFT_STANDARD_LIBRARIES = YES;
				CODE_SIGN_STYLE = Automatic;
				CURRENT_PROJECT_VERSION = 1;
				GENERATE_INFOPLIST_FILE = YES;
				MARKETING_VERSION = 1.0;
				PRODUCT_BUNDLE_IDENTIFIER = jg.MultiMapUITests;
				PRODUCT_NAME = "$(TARGET_NAME)";
				SWIFT_EMIT_LOC_STRINGS = NO;
				SWIFT_VERSION = 5.0;
				TEST_TARGET_NAME = MultiMap;
			};
			name = Release;
		};
/* End XCBuildConfiguration section */

/* Begin XCConfigurationList section */
		C9515C9F2A7C92860086B89E /* Build configuration list for PBXProject "MultiMap" */ = {
			isa = XCConfigurationList;
			buildConfigurations = (
				C9515CC72A7C92870086B89E /* Debug */,
				C9515CC82A7C92870086B89E /* Release */,
			);
			defaultConfigurationIsVisible = 0;
			defaultConfigurationName = Release;
		};
		C9515CC92A7C92870086B89E /* Build configuration list for PBXNativeTarget "MultiMap" */ = {
			isa = XCConfigurationList;
			buildConfigurations = (
				C9515CCA2A7C92870086B89E /* Debug */,
				C9515CCB2A7C92870086B89E /* Release */,
			);
			defaultConfigurationIsVisible = 0;
			defaultConfigurationName = Release;
		};
		C9515CCC2A7C92870086B89E /* Build configuration list for PBXNativeTarget "MultiMapTests" */ = {
			isa = XCConfigurationList;
			buildConfigurations = (
				C9515CCD2A7C92870086B89E /* Debug */,
				C9515CCE2A7C92870086B89E /* Release */,
			);
			defaultConfigurationIsVisible = 0;
			defaultConfigurationName = Release;
		};
		C9515CCF2A7C92870086B89E /* Build configuration list for PBXNativeTarget "MultiMapUITests" */ = {
			isa = XCConfigurationList;
			buildConfigurations = (
				C9515CD02A7C92870086B89E /* Debug */,
				C9515CD12A7C92870086B89E /* Release */,
			);
			defaultConfigurationIsVisible = 0;
			defaultConfigurationName = Release;
		};
/* End XCConfigurationList section */
	};
	rootObject = C9515C9C2A7C92860086B89E /* Project object */;
}
